<?xml version="1.0" encoding="utf-8"?>
<Project ToolsVersion="4.0" xmlns="http://schemas.microsoft.com/developer/msbuild/2003">
  <ItemGroup>
    <Filter Include="Source Files">
      <UniqueIdentifier>{4FC737F1-C7A5-4376-A066-2A32D752A2FF}</UniqueIdentifier>
      <Extensions>cpp;c;cc;cxx;def;odl;idl;hpj;bat;asm;asmx</Extensions>
    </Filter>
    <Filter Include="Source Files\Objects">
      <UniqueIdentifier>{45d8eeb4-29bf-4b21-b839-2b0297c30a03}</UniqueIdentifier>
    </Filter>
    <Filter Include="Header Files">
      <UniqueIdentifier>{93995380-89BD-4b04-88EB-625FBE52EBFB}</UniqueIdentifier>
      <Extensions>h;hpp;hxx;hm;inl;inc;xsd</Extensions>
    </Filter>
    <Filter Include="Header Files\Threading">
      <UniqueIdentifier>{d7846d6b-ff39-406d-943e-b0d07ec5e11b}</UniqueIdentifier>
    </Filter>
    <Filter Include="Header Files\Objects">
      <UniqueIdentifier>{1b89cc67-b263-4c8f-8985-4c06038441b1}</UniqueIdentifier>
    </Filter>
    <Filter Include="Header Files\Collections">
      <UniqueIdentifier>{9cffe021-3c51-4039-8131-1b44a25ec874}</UniqueIdentifier>
    </Filter>
    <Filter Include="Resource Files">
      <UniqueIdentifier>{67DA6AB6-F800-4c08-8B7A-83BB121AAD01}</UniqueIdentifier>
      <Extensions>rc;ico;cur;bmp;dlg;rc2;rct;bin;rgs;gif;jpg;jpeg;jpe;resx;tiff;tif;png;wav</Extensions>
    </Filter>
  </ItemGroup>
  <ItemGroup>
    <ClCompile Include="..\src\common\Bounds.cpp">
      <Filter>Source Files</Filter>
    </ClCompile>
    <ClCompile Include="..\src\common\DelegateHandler.cpp">
      <Filter>Source Files</Filter>
    </ClCompile>
    <ClCompile Include="..\src\common\IDelegate.cpp">
      <Filter>Source Files</Filter>
    </ClCompile>
    <ClCompile Include="..\src\common\Logger.cpp">
      <Filter>Source Files</Filter>
    </ClCompile>
    <ClCompile Include="..\src\common\SingularityException.cpp">
      <Filter>Source Files</Filter>
    </ClCompile>
    <ClCompile Include="..\src\common\Timer.cpp">
      <Filter>Source Files</Filter>
    </ClCompile>
    <ClCompile Include="..\src\common\TimeSpan.cpp">
      <Filter>Source Files</Filter>
    </ClCompile>
    <ClCompile Include="..\src\common\Object.cpp">
      <Filter>Source Files\Objects</Filter>
    </ClCompile>
    <ClCompile Include="..\src\common\ObjectType.cpp">
      <Filter>Source Files\Objects</Filter>
    </ClCompile>
  </ItemGroup>
  <ItemGroup>
    <ClInclude Include="..\include\common\Bounds.h">
      <Filter>Header Files</Filter>
    </ClInclude>
    <ClInclude Include="..\include\common\DelegateHandler.h">
      <Filter>Header Files</Filter>
    </ClInclude>
    <ClInclude Include="..\include\common\IDelegate.h">
      <Filter>Header Files</Filter>
    </ClInclude>
    <ClInclude Include="..\include\common\Logger.h">
      <Filter>Header Files</Filter>
    </ClInclude>
    <ClInclude Include="..\include\common\Math.h">
      <Filter>Header Files</Filter>
    </ClInclude>
    <ClInclude Include="..\include\common\Singularity.Common.Defines.h">
      <Filter>Header Files</Filter>
    </ClInclude>
    <ClInclude Include="..\include\common\Singularity.Common.h">
      <Filter>Header Files</Filter>
    </ClInclude>
    <ClInclude Include="..\include\common\SingularityException.h">
      <Filter>Header Files</Filter>
    </ClInclude>
    <ClInclude Include="..\include\common\Timer.h">
      <Filter>Header Files</Filter>
    </ClInclude>
    <ClInclude Include="..\include\common\TimeSpan.h">
      <Filter>Header Files</Filter>
    </ClInclude>
    <ClInclude Include="..\include\common\CriticalSection.h">
      <Filter>Header Files\Threading</Filter>
    </ClInclude>
    <ClInclude Include="..\include\common\Lock.h">
      <Filter>Header Files\Threading</Filter>
    </ClInclude>
    <ClInclude Include="..\include\common\Object.h">
      <Filter>Header Files\Objects</Filter>
    </ClInclude>
    <ClInclude Include="..\include\common\ObjectType.h">
      <Filter>Header Files\Objects</Filter>
    </ClInclude>
    <ClInclude Include="..\include\common\LinkedList.h">
      <Filter>Header Files\Collections</Filter>
    </ClInclude>
    <ClInclude Include="..\include\common\Octree.h">
      <Filter>Header Files\Collections</Filter>
    </ClInclude>
    <ClInclude Include="..\include\common\OctreeIterator.h">
      <Filter>Header Files\Collections</Filter>
    </ClInclude>
  </ItemGroup>
  <ItemGroup>
    <None Include="..\include\common\DelegateHandler.inc">
      <Filter>Resource Files</Filter>
    </None>
    <None Include="..\include\common\Math.inc">
      <Filter>Resource Files</Filter>
    </None>
    <None Include="..\include\common\Octree.inc">
      <Filter>Resource Files</Filter>
    </None>
  </ItemGroup>
</Project>