<?xml version="1.0" encoding="utf-8"?>
<Project ToolsVersion="4.0" xmlns="http://schemas.microsoft.com/developer/msbuild/2003">
  <ItemGroup>
    <Filter Include="Source Files">
      <UniqueIdentifier>{4FC737F1-C7A5-4376-A066-2A32D752A2FF}</UniqueIdentifier>
      <Extensions>cpp;c;cc;cxx;def;odl;idl;hpj;bat;asm;asmx</Extensions>
    </Filter>
    <Filter Include="Source Files\Components">
      <UniqueIdentifier>{f431a029-a940-462e-9ef2-8dc93edfbc7f}</UniqueIdentifier>
    </Filter>
    <Filter Include="Source Files\Tasks">
      <UniqueIdentifier>{41b470a0-ab6a-4355-855d-d64c4c788220}</UniqueIdentifier>
    </Filter>
    <Filter Include="Header Files">
      <UniqueIdentifier>{93995380-89BD-4b04-88EB-625FBE52EBFB}</UniqueIdentifier>
      <Extensions>h;hpp;hxx;hm;inl;inc;xsd</Extensions>
    </Filter>
    <Filter Include="Header Files\Tasks">
      <UniqueIdentifier>{40e0e4a4-8ad2-4acd-8fd4-1fb3e550b7b1}</UniqueIdentifier>
    </Filter>
    <Filter Include="Header Files\Components">
      <UniqueIdentifier>{1efb472a-ea90-4ea9-956e-218ea6c307d1}</UniqueIdentifier>
    </Filter>
    <Filter Include="Resource Files">
      <UniqueIdentifier>{67DA6AB6-F800-4c08-8B7A-83BB121AAD01}</UniqueIdentifier>
      <Extensions>rc;ico;cur;bmp;dlg;rc2;rct;bin;rgs;gif;jpg;jpeg;jpe;resx;tiff;tif;png;wav</Extensions>
    </Filter>
  </ItemGroup>
  <ItemGroup>
    <ClCompile Include="..\src\networking\IPAddress.cpp">
      <Filter>Source Files</Filter>
    </ClCompile>
    <ClCompile Include="..\src\networking\Network.cpp">
      <Filter>Source Files</Filter>
    </ClCompile>
    <ClCompile Include="..\src\networking\NetworkDelegate.cpp">
      <Filter>Source Files</Filter>
    </ClCompile>
    <ClCompile Include="..\src\networking\NetworkGame.cpp">
      <Filter>Source Files</Filter>
    </ClCompile>
    <ClCompile Include="..\src\networking\NetworkSession.cpp">
      <Filter>Source Files</Filter>
    </ClCompile>
    <ClCompile Include="..\src\networking\NetworkSync.cpp">
      <Filter>Source Files\Components</Filter>
    </ClCompile>
    <ClCompile Include="..\src\networking\NetworkTask.cpp">
      <Filter>Source Files\Tasks</Filter>
    </ClCompile>
  </ItemGroup>
  <ItemGroup>
    <ClInclude Include="..\include\networking\IPAddress.h">
      <Filter>Header Files</Filter>
    </ClInclude>
    <ClInclude Include="..\include\networking\Network.h">
      <Filter>Header Files</Filter>
    </ClInclude>
    <ClInclude Include="..\include\networking\NetworkDelegate.h">
      <Filter>Header Files</Filter>
    </ClInclude>
    <ClInclude Include="..\include\networking\NetworkGame.h">
      <Filter>Header Files</Filter>
    </ClInclude>
    <ClInclude Include="..\include\networking\NetworkPlayer.h">
      <Filter>Header Files</Filter>
    </ClInclude>
    <ClInclude Include="..\include\networking\NetworkSession.h">
      <Filter>Header Files</Filter>
    </ClInclude>
    <ClInclude Include="..\include\networking\Packet.h">
      <Filter>Header Files</Filter>
    </ClInclude>
    <ClInclude Include="..\include\networking\Singularity.Networking.Defines.h">
      <Filter>Header Files</Filter>
    </ClInclude>
    <ClInclude Include="..\include\networking\Singularity.Networking.h">
      <Filter>Header Files</Filter>
    </ClInclude>
    <ClInclude Include="..\include\networking\NetworkTask.h">
      <Filter>Header Files\Tasks</Filter>
    </ClInclude>
    <ClInclude Include="..\include\networking\NetworkSync.h">
      <Filter>Header Files\Components</Filter>
    </ClInclude>
  </ItemGroup>
</Project>