<?xml version="1.0" encoding="utf-8"?>
<Project ToolsVersion="4.0" xmlns="http://schemas.microsoft.com/developer/msbuild/2003">
  <ItemGroup>
    <Filter Include="Source Files">
      <UniqueIdentifier>{4FC737F1-C7A5-4376-A066-2A32D752A2FF}</UniqueIdentifier>
      <Extensions>cpp;c;cc;cxx;def;odl;idl;hpj;bat;asm;asmx</Extensions>
    </Filter>
    <Filter Include="Source Files\Components">
      <UniqueIdentifier>{9052f999-93d0-4a32-aa16-40409362ef06}</UniqueIdentifier>
    </Filter>
    <Filter Include="Source Files\Tasks">
      <UniqueIdentifier>{29437b9b-b53a-4229-97d6-a308c0c16e7d}</UniqueIdentifier>
    </Filter>
    <Filter Include="Source Files\Graphics">
      <UniqueIdentifier>{a7f504a7-9eb2-44f7-a2cf-0a10259c9979}</UniqueIdentifier>
    </Filter>
    <Filter Include="Source Files\Graphics\Components">
      <UniqueIdentifier>{76a0688a-27d8-4e30-8857-c83bacf525b8}</UniqueIdentifier>
    </Filter>
    <Filter Include="Header Files">
      <UniqueIdentifier>{93995380-89BD-4b04-88EB-625FBE52EBFB}</UniqueIdentifier>
      <Extensions>h;hpp;hxx;hm;inl;inc;xsd</Extensions>
    </Filter>
    <Filter Include="Header Files\Components">
      <UniqueIdentifier>{45cfbb51-2718-46ec-b570-af56f3c4dc05}</UniqueIdentifier>
    </Filter>
    <Filter Include="Header Files\Tasks">
      <UniqueIdentifier>{ae4838d4-c34a-41d4-99ce-bf5fec85d94c}</UniqueIdentifier>
    </Filter>
    <Filter Include="Header Files\Graphics">
      <UniqueIdentifier>{9198923c-af5c-486d-9b00-e3aaef737dc9}</UniqueIdentifier>
    </Filter>
    <Filter Include="Header Files\Graphics\Components">
      <UniqueIdentifier>{641c86bc-4b93-4414-9acc-391450a1c36c}</UniqueIdentifier>
    </Filter>
    <Filter Include="Resource Files">
      <UniqueIdentifier>{67DA6AB6-F800-4c08-8B7A-83BB121AAD01}</UniqueIdentifier>
      <Extensions>rc;ico;cur;bmp;dlg;rc2;rct;bin;rgs;gif;jpg;jpeg;jpe;resx;tiff;tif;png;wav</Extensions>
    </Filter>
  </ItemGroup>
  <ItemGroup>
    <ClCompile Include="..\src\animations\Animation.cpp">
      <Filter>Source Files\Components</Filter>
    </ClCompile>
    <ClCompile Include="..\src\animations\AnimationClip.cpp">
      <Filter>Source Files\Tasks</Filter>
    </ClCompile>
    <ClCompile Include="..\src\animations\AnimationSubTask.cpp">
      <Filter>Source Files\Tasks</Filter>
    </ClCompile>
    <ClCompile Include="..\src\animations\AnimationTask.cpp">
      <Filter>Source Files\Tasks</Filter>
    </ClCompile>
    <ClCompile Include="..\src\animations\AnimationVertex.cpp">
      <Filter>Source Files\Graphics</Filter>
    </ClCompile>
    <ClCompile Include="..\src\animations\ModelSkeleton.cpp">
      <Filter>Source Files\Graphics</Filter>
    </ClCompile>
    <ClCompile Include="..\src\animations\SkinnedMesh.cpp">
      <Filter>Source Files\Graphics</Filter>
    </ClCompile>
    <ClCompile Include="..\src\animations\SkinnedMeshRenderer.cpp">
      <Filter>Source Files\Graphics\Components</Filter>
    </ClCompile>
  </ItemGroup>
  <ItemGroup>
    <ClInclude Include="..\include\animations\Frame.h">
      <Filter>Header Files</Filter>
    </ClInclude>
    <ClInclude Include="..\include\animations\Joint.h">
      <Filter>Header Files</Filter>
    </ClInclude>
    <ClInclude Include="..\include\animations\Keyframe.h">
      <Filter>Header Files</Filter>
    </ClInclude>
    <ClInclude Include="..\include\animations\Singularity.Animations.Defines.h">
      <Filter>Header Files</Filter>
    </ClInclude>
    <ClInclude Include="..\include\animations\Singularity.Animations.h">
      <Filter>Header Files</Filter>
    </ClInclude>
    <ClInclude Include="..\include\animations\SkinningData.h">
      <Filter>Header Files</Filter>
    </ClInclude>
    <ClInclude Include="..\include\animations\Animation.h">
      <Filter>Header Files\Components</Filter>
    </ClInclude>
    <ClInclude Include="..\include\animations\AnimationClip.h">
      <Filter>Header Files\Tasks</Filter>
    </ClInclude>
    <ClInclude Include="..\include\animations\AnimationState.h">
      <Filter>Header Files\Tasks</Filter>
    </ClInclude>
    <ClInclude Include="..\include\animations\AnimationSubTask.h">
      <Filter>Header Files\Tasks</Filter>
    </ClInclude>
    <ClInclude Include="..\include\animations\AnimationTask.h">
      <Filter>Header Files\Tasks</Filter>
    </ClInclude>
    <ClInclude Include="..\include\animations\AnimationVertex.h">
      <Filter>Header Files\Graphics</Filter>
    </ClInclude>
    <ClInclude Include="..\include\animations\ModelBone.h">
      <Filter>Header Files\Graphics</Filter>
    </ClInclude>
    <ClInclude Include="..\include\animations\ModelSkeleton.h">
      <Filter>Header Files\Graphics</Filter>
    </ClInclude>
    <ClInclude Include="..\include\animations\SkinnedMesh.h">
      <Filter>Header Files\Graphics</Filter>
    </ClInclude>
    <ClInclude Include="..\include\animations\SkinnedMeshRenderer.h">
      <Filter>Header Files\Graphics\Components</Filter>
    </ClInclude>
    <ClInclude Include="..\resources\Singularity.Animations.Resources.h">
      <Filter>Resource Files</Filter>
    </ClInclude>
  </ItemGroup>
  <ItemGroup>
    <None Include="..\include\animations\AnimationClip.inc">
      <Filter>Resource Files</Filter>
    </None>
    <None Include="..\resources\shader_animatedmesh.fxo">
      <Filter>Resource Files</Filter>
    </None>
  </ItemGroup>
  <ItemGroup>
    <ResourceCompile Include="..\resources\Singularity.Animations.Resources.rc">
      <Filter>Resource Files</Filter>
    </ResourceCompile>
  </ItemGroup>
</Project>